
Microsoft Visual Studio Solution File, Format Version 12.00
# Visual Studio Version 17
VisualStudioVersion = 17.5.33424.131
MinimumVisualStudioVersion = 10.0.40219.1
Project("{FAE04EC0-301F-11D3-BF4B-00C04F79EFBC}") = "DoAn", "DoAn\DoAn.csproj", "{9330784E-54EA-4402-B1D6-CFDA7C53929A}"
EndProject
Project("{FAE04EC0-301F-11D3-BF4B-00C04F79EFBC}") = "DAO", "DAO\DAO.csproj", "{259D2FE5-CA6C-4B57-A260-33323C653894}"
EndProject
Project("{FAE04EC0-301F-11D3-BF4B-00C04F79EFBC}") = "DTO", "DTO\DTO.csproj", "{A0B0453B-E04A-435C-B23A-F2CB9E28294F}"
EndProject
Project("{FAE04EC0-301F-11D3-BF4B-00C04F79EFBC}") = "BUS", "BUS\BUS.csproj", "{19195621-52A0-49EB-B387-F5BA885B156F}"
EndProject
Global
	GlobalSection(SolutionConfigurationPlatforms) = preSolution
		Debug|Any CPU = Debug|Any CPU
		Release|Any CPU = Release|Any CPU
	EndGlobalSection
	GlobalSection(ProjectConfigurationPlatforms) = postSolution
		{9330784E-54EA-4402-B1D6-CFDA7C53929A}.Debug|Any CPU.ActiveCfg = Debug|Any CPU
		{9330784E-54EA-4402-B1D6-CFDA7C53929A}.Debug|Any CPU.Build.0 = Debug|Any CPU
		{9330784E-54EA-4402-B1D6-CFDA7C53929A}.Release|Any CPU.ActiveCfg = Release|Any CPU
		{9330784E-54EA-4402-B1D6-CFDA7C53929A}.Release|Any CPU.Build.0 = Release|Any CPU
		{259D2FE5-CA6C-4B57-A260-33323C653894}.Debug|Any CPU.ActiveCfg = Debug|Any CPU
		{259D2FE5-CA6C-4B57-A260-33323C653894}.Debug|Any CPU.Build.0 = Debug|Any CPU
		{259D2FE5-CA6C-4B57-A260-33323C653894}.Release|Any CPU.ActiveCfg = Release|Any CPU
		{259D2FE5-CA6C-4B57-A260-33323C653894}.Release|Any CPU.Build.0 = Release|Any CPU
		{A0B0453B-E04A-435C-B23A-F2CB9E28294F}.Debug|Any CPU.ActiveCfg = Debug|Any CPU
		{A0B0453B-E04A-435C-B23A-F2CB9E28294F}.Debug|Any CPU.Build.0 = Debug|Any CPU
		{A0B0453B-E04A-435C-B23A-F2CB9E28294F}.Release|Any CPU.ActiveCfg = Release|Any CPU
		{A0B0453B-E04A-435C-B23A-F2CB9E28294F}.Release|Any CPU.Build.0 = Release|Any CPU
		{19195621-52A0-49EB-B387-F5BA885B156F}.Debug|Any CPU.ActiveCfg = Debug|Any CPU
		{19195621-52A0-49EB-B387-F5BA885B156F}.Debug|Any CPU.Build.0 = Debug|Any CPU
		{19195621-52A0-49EB-B387-F5BA885B156F}.Release|Any CPU.ActiveCfg = Release|Any CPU
		{19195621-52A0-49EB-B387-F5BA885B156F}.Release|Any CPU.Build.0 = Release|Any CPU
	EndGlobalSection
	GlobalSection(SolutionProperties) = preSolution
		HideSolutionNode = FALSE
	EndGlobalSection
	GlobalSection(ExtensibilityGlobals) = postSolution
		SolutionGuid = {4F98149B-7CFC-406A-A509-654D89C9FEB9}
	EndGlobalSection
EndGlobal
